
Microsoft Visual Studio Solution File, Format Version 12.00
Project("{FAE04EC0-301F-11D3-BF4B-00C04F79EFBC}") = "BlazorSsrPoC", "BlazorSsrPoC\BlazorSsrPoC.csproj", "{943ABD5C-8CF8-446C-9314-ABDEEAB18237}"
EndProject
Global
	GlobalSection(SolutionConfigurationPlatforms) = preSolution
		Debug|Any CPU = Debug|Any CPU
		Release|Any CPU = Release|Any CPU
	EndGlobalSection
	GlobalSection(ProjectConfigurationPlatforms) = postSolution
		{943ABD5C-8CF8-446C-9314-ABDEEAB18237}.Debug|Any CPU.ActiveCfg = Debug|Any CPU
		{943ABD5C-8CF8-446C-9314-ABDEEAB18237}.Debug|Any CPU.Build.0 = Debug|Any CPU
		{943ABD5C-8CF8-446C-9314-ABDEEAB18237}.Release|Any CPU.ActiveCfg = Release|Any CPU
		{943ABD5C-8CF8-446C-9314-ABDEEAB18237}.Release|Any CPU.Build.0 = Release|Any CPU
	EndGlobalSection
EndGlobal
